
Microsoft Visual Studio Solution File, Format Version 12.00
# Visual Studio 15
VisualStudioVersion = 15.0.28010.2003
MinimumVisualStudioVersion = 10.0.40219.1
Project("{FAE04EC0-301F-11D3-BF4B-00C04F79EFBC}") = "ClipboardHistory", "ClipboardHistory\ClipboardHistory.csproj", "{08A558DA-F14B-4373-9593-ADC803B8B5EE}"
EndProject
Project("{FAE04EC0-301F-11D3-BF4B-00C04F79EFBC}") = "ClipboardHistory.App", "ClipboardHistory.App\ClipboardHistory.App.csproj", "{802AA500-CD69-4DAF-913D-B679A1FC9174}"
EndProject
Global
	GlobalSection(SolutionConfigurationPlatforms) = preSolution
		Debug|Any CPU = Debug|Any CPU
		Release|Any CPU = Release|Any CPU
	EndGlobalSection
	GlobalSection(ProjectConfigurationPlatforms) = postSolution
		{08A558DA-F14B-4373-9593-ADC803B8B5EE}.Debug|Any CPU.ActiveCfg = Debug|Any CPU
		{08A558DA-F14B-4373-9593-ADC803B8B5EE}.Debug|Any CPU.Build.0 = Debug|Any CPU
		{08A558DA-F14B-4373-9593-ADC803B8B5EE}.Release|Any CPU.ActiveCfg = Release|Any CPU
		{08A558DA-F14B-4373-9593-ADC803B8B5EE}.Release|Any CPU.Build.0 = Release|Any CPU
		{802AA500-CD69-4DAF-913D-B679A1FC9174}.Debug|Any CPU.ActiveCfg = Debug|Any CPU
		{802AA500-CD69-4DAF-913D-B679A1FC9174}.Debug|Any CPU.Build.0 = Debug|Any CPU
		{802AA500-CD69-4DAF-913D-B679A1FC9174}.Release|Any CPU.ActiveCfg = Release|Any CPU
		{802AA500-CD69-4DAF-913D-B679A1FC9174}.Release|Any CPU.Build.0 = Release|Any CPU
	EndGlobalSection
	GlobalSection(SolutionProperties) = preSolution
		HideSolutionNode = FALSE
	EndGlobalSection
	GlobalSection(ExtensibilityGlobals) = postSolution
		SolutionGuid = {94A42DDC-D3E2-4F98-89D5-6F85D94E18A2}
	EndGlobalSection
EndGlobal
